# THIS IS AN AUTOGENERATED FILE. DO NOT EDIT THIS FILE DIRECTLY.
# yarn lockfile v1


"@types/three@^0.149.0":
  version "0.149.0"
  resolved "https://registry.yarnpkg.com/@types/three/-/three-0.149.0.tgz#f48c03ffcf35b2d196f3532b51bc845e96f6090e"
  integrity sha512-fgNBm9LWc65ER/W0cvoXdC0iMy7Ke9e2CONmEr6Jt8sDSY3sw4DgOubZfmdZ747dkPhbQrgRQAWwDEr2S/7IEg==
  dependencies:
    "@types/webxr" "*"

"@types/webxr@*":
  version "0.5.1"
  resolved "https://registry.yarnpkg.com/@types/webxr/-/webxr-0.5.1.tgz#4908349419104bd476a4252d04e4c3abb496748d"
  integrity sha512-xlFXPfgJR5vIuDefhaHuUM9uUgvPaXB6GKdXy2gdEh8gBWQZ2ul24AJz3foUd8NNKlSTQuWYJpCb1/pL81m1KQ==

three@^0.150.1:
  version "0.150.1"
  resolved "https://registry.yarnpkg.com/three/-/three-0.150.1.tgz#870d324a4d2daf1c7d55be97f3f73d83783e28be"
  integrity sha512-5C1MqKUWaHYo13BX0Q64qcdwImgnnjSOFgBscOzAo8MYCzEtqfQqorEKMcajnA3FHy1yVlIe9AmaMQ0OQracNA==
